// !$*UTF8*$!
{
	archiveVersion = 1;
	classes = {
	};
	objectVersion = 51;
	objects = {

/* Begin PBXBuildFile section */
		0FFC92462146779300FDA476 /* AppDelegate.swift in Sources */ = {isa = PBXBuildFile; fileRef = 0FFC92452146779300FDA476 /* AppDelegate.swift */; };
		0FFC92482146779300FDA476 /* ViewController.swift in Sources */ = {isa = PBXBuildFile; fileRef = 0FFC92472146779300FDA476 /* ViewController.swift */; };
		0FFC924B2146779300FDA476 /* Main.storyboard in Resources */ = {isa = PBXBuildFile; fileRef = 0FFC92492146779300FDA476 /* Main.storyboard */; };
		0FFC924D2146779500FDA476 /* Assets.xcassets in Resources */ = {isa = PBXBuildFile; fileRef = 0FFC924C2146779500FDA476 /* Assets.xcassets */; };
		0FFC92502146779500FDA476 /* LaunchScreen.storyboard in Resources */ = {isa = PBXBuildFile; fileRef = 0FFC924E2146779500FDA476 /* LaunchScreen.storyboard */; };
		24BE3F78892C2179537C46D2 /* Pods_naitive_ios.framework in Frameworks */ = {isa = PBXBuildFile; fileRef = 0C461E246EC8BA69A239E9E5 /* Pods_naitive_ios.framework */; };
		8530047023EAA008005F446F /* main.jsbundle in Resources */ = {isa = PBXBuildFile; fileRef = 8530046F23EAA008005F446F /* main.jsbundle */; };
/* End PBXBuildFile section */

/* Begin PBXFileReference section */
		0C461E246EC8BA69A239E9E5 /* Pods_naitive_ios.framework */ = {isa = PBXFileReference; explicitFileType = wrapper.framework; includeInIndex = 0; path = Pods_naitive_ios.framework; sourceTree = BUILT_PRODUCTS_DIR; };
		0FFC92422146779300FDA476 /* naitive-ios.app */ = {isa = PBXFileReference; explicitFileType = wrapper.application; includeInIndex = 0; path = "naitive-ios.app"; sourceTree = BUILT_PRODUCTS_DIR; };
		0FFC92452146779300FDA476 /* AppDelegate.swift */ = {isa = PBXFileReference; lastKnownFileType = sourcecode.swift; path = AppDelegate.swift; sourceTree = "<group>"; };
		0FFC92472146779300FDA476 /* ViewController.swift */ = {isa = PBXFileReference; lastKnownFileType = sourcecode.swift; path = ViewController.swift; sourceTree = "<group>"; };
		0FFC924A2146779300FDA476 /* Base */ = {isa = PBXFileReference; lastKnownFileType = file.storyboard; name = Base; path = Base.lproj/Main.storyboard; sourceTree = "<group>"; };
		0FFC924C2146779500FDA476 /* Assets.xcassets */ = {isa = PBXFileReference; lastKnownFileType = folder.assetcatalog; path = Assets.xcassets; sourceTree = "<group>"; };
		0FFC924F2146779500FDA476 /* Base */ = {isa = PBXFileReference; lastKnownFileType = file.storyboard; name = Base; path = Base.lproj/LaunchScreen.storyboard; sourceTree = "<group>"; };
		0FFC92512146779500FDA476 /* Info.plist */ = {isa = PBXFileReference; lastKnownFileType = text.plist.xml; path = Info.plist; sourceTree = "<group>"; };
		10C6FC538F917537E1B3B26E /* Pods-naitive-ios.release.xcconfig */ = {isa = PBXFileReference; includeInIndex = 1; lastKnownFileType = text.xcconfig; name = "Pods-naitive-ios.release.xcconfig"; path = "Target Support Files/Pods-naitive-ios/Pods-naitive-ios.release.xcconfig"; sourceTree = "<group>"; };
		287B8528C9276C4423E7B969 /* Pods-Native_iOS_App.release.xcconfig */ = {isa = PBXFileReference; includeInIndex = 1; lastKnownFileType = text.xcconfig; name = "Pods-Native_iOS_App.release.xcconfig"; path = "Target Support Files/Pods-Native_iOS_App/Pods-Native_iOS_App.release.xcconfig"; sourceTree = "<group>"; };
		8530046F23EAA008005F446F /* main.jsbundle */ = {isa = PBXFileReference; fileEncoding = 4; lastKnownFileType = text; name = main.jsbundle; path = ../web/main.jsbundle; sourceTree = "<group>"; };
		D490F88B15722DD4A5762442 /* Pods-naitive-ios.debug.xcconfig */ = {isa = PBXFileReference; includeInIndex = 1; lastKnownFileType = text.xcconfig; name = "Pods-naitive-ios.debug.xcconfig"; path = "Target Support Files/Pods-naitive-ios/Pods-naitive-ios.debug.xcconfig"; sourceTree = "<group>"; };
		F4029EA3CB86124FAE575731 /* Pods-Native_iOS_App.debug.xcconfig */ = {isa = PBXFileReference; includeInIndex = 1; lastKnownFileType = text.xcconfig; name = "Pods-Native_iOS_App.debug.xcconfig"; path = "Target Support Files/Pods-Native_iOS_App/Pods-Native_iOS_App.debug.xcconfig"; sourceTree = "<group>"; };
/* End PBXFileReference section */

/* Begin PBXFrameworksBuildPhase section */
		0FFC923F2146779300FDA476 /* Frameworks */ = {
			isa = PBXFrameworksBuildPhase;
			buildActionMask = 2147483647;
			files = (
				24BE3F78892C2179537C46D2 /* Pods_naitive_ios.framework in Frameworks */,
			);
			runOnlyForDeploymentPostprocessing = 0;
		};
/* End PBXFrameworksBuildPhase section */

/* Begin PBXGroup section */
		0FFC92392146779300FDA476 = {
			isa = PBXGroup;
			children = (
				8530046F23EAA008005F446F /* main.jsbundle */,
				0FFC92442146779300FDA476 /* naitive-ios */,
				0FFC92432146779300FDA476 /* Products */,
				1D92E3E4EB8AF0295A94C2DC /* Pods */,
				29D1F7A5D646449DFE2A340E /* Frameworks */,
			);
			sourceTree = "<group>";
		};
		0FFC92432146779300FDA476 /* Products */ = {
			isa = PBXGroup;
			children = (
				0FFC92422146779300FDA476 /* naitive-ios.app */,
			);
			name = Products;
			sourceTree = "<group>";
		};
		0FFC92442146779300FDA476 /* naitive-ios */ = {
			isa = PBXGroup;
			children = (
				0FFC92452146779300FDA476 /* AppDelegate.swift */,
				0FFC92472146779300FDA476 /* ViewController.swift */,
				0FFC92492146779300FDA476 /* Main.storyboard */,
				0FFC924C2146779500FDA476 /* Assets.xcassets */,
				0FFC924E2146779500FDA476 /* LaunchScreen.storyboard */,
				0FFC92512146779500FDA476 /* Info.plist */,
			);
			path = "naitive-ios";
			sourceTree = "<group>";
		};
		1D92E3E4EB8AF0295A94C2DC /* Pods */ = {
			isa = PBXGroup;
			children = (
				F4029EA3CB86124FAE575731 /* Pods-Native_iOS_App.debug.xcconfig */,
				287B8528C9276C4423E7B969 /* Pods-Native_iOS_App.release.xcconfig */,
				D490F88B15722DD4A5762442 /* Pods-naitive-ios.debug.xcconfig */,
				10C6FC538F917537E1B3B26E /* Pods-naitive-ios.release.xcconfig */,
			);
			path = Pods;
			sourceTree = "<group>";
		};
		29D1F7A5D646449DFE2A340E /* Frameworks */ = {
			isa = PBXGroup;
			children = (
				0C461E246EC8BA69A239E9E5 /* Pods_naitive_ios.framework */,
			);
			name = Frameworks;
			sourceTree = "<group>";
		};
/* End PBXGroup section */

/* Begin PBXNativeTarget section */
		0FFC92412146779300FDA476 /* naitive-ios */ = {
			isa = PBXNativeTarget;
			buildConfigurationList = 0FFC926A2146779500FDA476 /* Build configuration list for PBXNativeTarget "naitive-ios" */;
			buildPhases = (
				1328D1A04D35D75FBB799747 /* [CP] Check Pods Manifest.lock */,
				0FFC923E2146779300FDA476 /* Sources */,
				0FFC923F2146779300FDA476 /* Frameworks */,
				0FFC92402146779300FDA476 /* Resources */,
				17C9AA70109F34A71015980C /* [CP] Embed Pods Frameworks */,
			);
			buildRules = (
			);
			dependencies = (
			);
			name = "naitive-ios";
			productName = Native_iOS_App;
			productReference = 0FFC92422146779300FDA476 /* naitive-ios.app */;
			productType = "com.apple.product-type.application";
		};
/* End PBXNativeTarget section */

/* Begin PBXProject section */
		0FFC923A2146779300FDA476 /* Project object */ = {
			isa = PBXProject;
			attributes = {
				LastSwiftUpdateCheck = 0940;
				LastUpgradeCheck = 0940;
				ORGANIZATIONNAME = Pramati;
				TargetAttributes = {
					0FFC92412146779300FDA476 = {
						CreatedOnToolsVersion = 9.4.1;
					};
				};
			};
			buildConfigurationList = 0FFC923D2146779300FDA476 /* Build configuration list for PBXProject "naitive-ios" */;
			compatibilityVersion = "Xcode 9.3";
			developmentRegion = en;
			hasScannedForEncodings = 0;
			knownRegions = (
				en,
				Base,
			);
			mainGroup = 0FFC92392146779300FDA476;
			productRefGroup = 0FFC92432146779300FDA476 /* Products */;
			projectDirPath = "";
			projectRoot = "";
			targets = (
				0FFC92412146779300FDA476 /* naitive-ios */,
			);
		};
/* End PBXProject section */

/* Begin PBXResourcesBuildPhase section */
		0FFC92402146779300FDA476 /* Resources */ = {
			isa = PBXResourcesBuildPhase;
			buildActionMask = 2147483647;
			files = (
				0FFC92502146779500FDA476 /* LaunchScreen.storyboard in Resources */,
				0FFC924D2146779500FDA476 /* Assets.xcassets in Resources */,
				0FFC924B2146779300FDA476 /* Main.storyboard in Resources */,
				8530047023EAA008005F446F /* main.jsbundle in Resources */,
			);
			runOnlyForDeploymentPostprocessing = 0;
		};
/* End PBXResourcesBuildPhase section */

/* Begin PBXShellScriptBuildPhase section */
		1328D1A04D35D75FBB799747 /* [CP] Check Pods Manifest.lock */ = {
			isa = PBXShellScriptBuildPhase;
			buildActionMask = 2147483647;
			files = (
			);
			inputPaths = (
				"${PODS_PODFILE_DIR_PATH}/Podfile.lock",
				"${PODS_ROOT}/Manifest.lock",
			);
			name = "[CP] Check Pods Manifest.lock";
			outputPaths = (
				"$(DERIVED_FILE_DIR)/Pods-naitive-ios-checkManifestLockResult.txt",
			);
			runOnlyForDeploymentPostprocessing = 0;
			shellPath = /bin/sh;
			shellScript = "diff \"${PODS_PODFILE_DIR_PATH}/Podfile.lock\" \"${PODS_ROOT}/Manifest.lock\" > /dev/null\nif [ $? != 0 ] ; then\n    # print error to STDERR\n    echo \"error: The sandbox is not in sync with the Podfile.lock. Run 'pod install' or update your CocoaPods installation.\" >&2\n    exit 1\nfi\n# This output is used by Xcode 'outputs' to avoid re-running this script phase.\necho \"SUCCESS\" > \"${SCRIPT_OUTPUT_FILE_0}\"\n";
			showEnvVarsInLog = 0;
		};
		17C9AA70109F34A71015980C /* [CP] Embed Pods Frameworks */ = {
			isa = PBXShellScriptBuildPhase;
			buildActionMask = 2147483647;
			files = (
			);
			inputFileListPaths = (
				"${PODS_ROOT}/Target Support Files/Pods-naitive-ios/Pods-naitive-ios-frameworks-${CONFIGURATION}-input-files.xcfilelist",
			);
			name = "[CP] Embed Pods Frameworks";
			outputFileListPaths = (
				"${PODS_ROOT}/Target Support Files/Pods-naitive-ios/Pods-naitive-ios-frameworks-${CONFIGURATION}-output-files.xcfilelist",
			);
			runOnlyForDeploymentPostprocessing = 0;
			shellPath = /bin/sh;
			shellScript = "\"${PODS_ROOT}/Target Support Files/Pods-naitive-ios/Pods-naitive-ios-frameworks.sh\"\n";
			showEnvVarsInLog = 0;
		};
/* End PBXShellScriptBuildPhase section */

/* Begin PBXSourcesBuildPhase section */
		0FFC923E2146779300FDA476 /* Sources */ = {
			isa = PBXSourcesBuildPhase;
			buildActionMask = 2147483647;
			files = (
				0FFC92482146779300FDA476 /* ViewController.swift in Sources */,
				0FFC92462146779300FDA476 /* AppDelegate.swift in Sources */,
			);
			runOnlyForDeploymentPostprocessing = 0;
		};
/* End PBXSourcesBuildPhase section */

/* Begin PBXVariantGroup section */
		0FFC92492146779300FDA476 /* Main.storyboard */ = {
			isa = PBXVariantGroup;
			children = (
				0FFC924A2146779300FDA476 /* Base */,
			);
			name = Main.storyboard;
			sourceTree = "<group>";
		};
		0FFC924E2146779500FDA476 /* LaunchScreen.storyboard */ = {
			isa = PBXVariantGroup;
			children = (
				0FFC924F2146779500FDA476 /* Base */,
			);
			name = LaunchScreen.storyboard;
			sourceTree = "<group>";
		};
/* End PBXVariantGroup section */

/* Begin XCBuildConfiguration section */
		0FFC92682146779500FDA476 /* Debug */ = {
			isa = XCBuildConfiguration;
			buildSettings = {
				ALWAYS_SEARCH_USER_PATHS = NO;
				CLANG_ANALYZER_NONNULL = YES;
				CLANG_ANALYZER_NUMBER_OBJECT_CONVERSION = YES_AGGRESSIVE;
				CLANG_CXX_LANGUAGE_STANDARD = "gnu++14";
				CLANG_CXX_LIBRARY = "libc++";
				CLANG_ENABLE_MODULES = YES;
				CLANG_ENABLE_OBJC_ARC = YES;
				CLANG_ENABLE_OBJC_WEAK = YES;
				CLANG_WARN_BLOCK_CAPTURE_AUTORELEASING = YES;
				CLANG_WARN_BOOL_CONVERSION = YES;
				CLANG_WARN_COMMA = YES;
				CLANG_WARN_CONSTANT_CONVERSION = YES;
				CLANG_WARN_DEPRECATED_OBJC_IMPLEMENTATIONS = YES;
				CLANG_WARN_DIRECT_OBJC_ISA_USAGE = YES_ERROR;
				CLANG_WARN_DOCUMENTATION_COMMENTS = YES;
				CLANG_WARN_EMPTY_BODY = YES;
				CLANG_WARN_ENUM_CONVERSION = YES;
				CLANG_WARN_INFINITE_RECURSION = YES;
				CLANG_WARN_INT_CONVERSION = YES;
				CLANG_WARN_NON_LITERAL_NULL_CONVERSION = YES;
				CLANG_WARN_OBJC_IMPLICIT_RETAIN_SELF = YES;
				CLANG_WARN_OBJC_LITERAL_CONVERSION = YES;
				CLANG_WARN_OBJC_ROOT_CLASS = YES_ERROR;
				CLANG_WARN_RANGE_LOOP_ANALYSIS = YES;
				CLANG_WARN_STRICT_PROTOTYPES = YES;
				CLANG_WARN_SUSPICIOUS_MOVE = YES;
				CLANG_WARN_UNGUARDED_AVAILABILITY = YES_AGGRESSIVE;
				CLANG_WARN_UNREACHABLE_CODE = YES;
				CLANG_WARN__DUPLICATE_METHOD_MATCH = YES;
				CODE_SIGN_IDENTITY = "iPhone Developer";
				COPY_PHASE_STRIP = NO;
				DEBUG_INFORMATION_FORMAT = dwarf;
				ENABLE_STRICT_OBJC_MSGSEND = YES;
				ENABLE_TESTABILITY = YES;
				GCC_C_LANGUAGE_STANDARD = gnu11;
				GCC_DYNAMIC_NO_PIC = NO;
				GCC_NO_COMMON_BLOCKS = YES;
				GCC_OPTIMIZATION_LEVEL = 0;
				GCC_PREPROCESSOR_DEFINITIONS = (
					"DEBUG=1",
					"$(inherited)",
				);
				GCC_WARN_64_TO_32_BIT_CONVERSION = YES;
				GCC_WARN_ABOUT_RETURN_TYPE = YES_ERROR;
				GCC_WARN_UNDECLARED_SELECTOR = YES;
				GCC_WARN_UNINITIALIZED_AUTOS = YES_AGGRESSIVE;
				GCC_WARN_UNUSED_FUNCTION = YES;
				GCC_WARN_UNUSED_VARIABLE = YES;
				IPHONEOS_DEPLOYMENT_TARGET = 11.4;
				MTL_ENABLE_DEBUG_INFO = YES;
				ONLY_ACTIVE_ARCH = YES;
				SDKROOT = iphoneos;
				SWIFT_ACTIVE_COMPILATION_CONDITIONS = DEBUG;
				SWIFT_OPTIMIZATION_LEVEL = "-Onone";
			};
			name = Debug;
		};
		0FFC92692146779500FDA476 /* Release */ = {
			isa = XCBuildConfiguration;
			buildSettings = {
				ALWAYS_SEARCH_USER_PATHS = NO;
				CLANG_ANALYZER_NONNULL = YES;
				CLANG_ANALYZER_NUMBER_OBJECT_CONVERSION = YES_AGGRESSIVE;
				CLANG_CXX_LANGUAGE_STANDARD = "gnu++14";
				CLANG_CXX_LIBRARY = "libc++";
				CLANG_ENABLE_MODULES = YES;
				CLANG_ENABLE_OBJC_ARC = YES;
				CLANG_ENABLE_OBJC_WEAK = YES;
				CLANG_WARN_BLOCK_CAPTURE_AUTORELEASING = YES;
				CLANG_WARN_BOOL_CONVERSION = YES;
				CLANG_WARN_COMMA = YES;
				CLANG_WARN_CONSTANT_CONVERSION = YES;
				CLANG_WARN_DEPRECATED_OBJC_IMPLEMENTATIONS = YES;
				CLANG_WARN_DIRECT_OBJC_ISA_USAGE = YES_ERROR;
				CLANG_WARN_DOCUMENTATION_COMMENTS = YES;
				CLANG_WARN_EMPTY_BODY = YES;
				CLANG_WARN_ENUM_CONVERSION = YES;
				CLANG_WARN_INFINITE_RECURSION = YES;
				CLANG_WARN_INT_CONVERSION = YES;
				CLANG_WARN_NON_LITERAL_NULL_CONVERSION = YES;
				CLANG_WARN_OBJC_IMPLICIT_RETAIN_SELF = YES;
				CLANG_WARN_OBJC_LITERAL_CONVERSION = YES;
				CLANG_WARN_OBJC_ROOT_CLASS = YES_ERROR;
				CLANG_WARN_RANGE_LOOP_ANALYSIS = YES;
				CLANG_WARN_STRICT_PROTOTYPES = YES;
				CLANG_WARN_SUSPICIOUS_MOVE = YES;
				CLANG_WARN_UNGUARDED_AVAILABILITY = YES_AGGRESSIVE;
				CLANG_WARN_UNREACHABLE_CODE = YES;
				CLANG_WARN__DUPLICATE_METHOD_MATCH = YES;
				CODE_SIGN_IDENTITY = "iPhone Developer";
				COPY_PHASE_STRIP = NO;
				DEBUG_INFORMATION_FORMAT = "dwarf-with-dsym";
				ENABLE_NS_ASSERTIONS = NO;
				ENABLE_STRICT_OBJC_MSGSEND = YES;
				GCC_C_LANGUAGE_STANDARD = gnu11;
				GCC_NO_COMMON_BLOCKS = YES;
				GCC_WARN_64_TO_32_BIT_CONVERSION = YES;
				GCC_WARN_ABOUT_RETURN_TYPE = YES_ERROR;
				GCC_WARN_UNDECLARED_SELECTOR = YES;
				GCC_WARN_UNINITIALIZED_AUTOS = YES_AGGRESSIVE;
				GCC_WARN_UNUSED_FUNCTION = YES;
				GCC_WARN_UNUSED_VARIABLE = YES;
				IPHONEOS_DEPLOYMENT_TARGET = 11.4;
				MTL_ENABLE_DEBUG_INFO = NO;
				SDKROOT = iphoneos;
				SWIFT_COMPILATION_MODE = wholemodule;
				SWIFT_OPTIMIZATION_LEVEL = "-O";
				VALIDATE_PRODUCT = YES;
			};
			name = Release;
		};
		0FFC926B2146779500FDA476 /* Debug */ = {
			isa = XCBuildConfiguration;
			baseConfigurationReference = D490F88B15722DD4A5762442 /* Pods-naitive-ios.debug.xcconfig */;
			buildSettings = {
				ASSETCATALOG_COMPILER_APPICON_NAME = AppIcon;
				CODE_SIGN_STYLE = Automatic;
				DEVELOPMENT_TEAM = GY84S9P9XS;
				INFOPLIST_FILE = "$(SRCROOT)/naitive-ios/Info.plist";
				LD_RUNPATH_SEARCH_PATHS = (
					"$(inherited)",
					"@executable_path/Frameworks",
				);
				PRODUCT_BUNDLE_IDENTIFIER = "dpweb.naitive-ios";
				PRODUCT_NAME = "naitive-ios";
				SWIFT_VERSION = 4.0;
				TARGETED_DEVICE_FAMILY = "1,2";
			};
			name = Debug;
		};
		0FFC926C2146779500FDA476 /* Release */ = {
			isa = XCBuildConfiguration;
			baseConfigurationReference = 10C6FC538F917537E1B3B26E /* Pods-naitive-ios.release.xcconfig */;
			buildSettings = {
				ASSETCATALOG_COMPILER_APPICON_NAME = AppIcon;
				CODE_SIGN_STYLE = Automatic;
				DEVELOPMENT_TEAM = GY84S9P9XS;
				INFOPLIST_FILE = "$(SRCROOT)/naitive-ios/Info.plist";
				LD_RUNPATH_SEARCH_PATHS = (
					"$(inherited)",
					"@executable_path/Frameworks",
				);
				PRODUCT_BUNDLE_IDENTIFIER = "dpweb.naitive-ios";
				PRODUCT_NAME = "naitive-ios";
				SWIFT_VERSION = 4.0;
				TARGETED_DEVICE_FAMILY = "1,2";
			};
			name = Release;
		};
/* End XCBuildConfiguration section */

/* Begin XCConfigurationList section */
		0FFC923D2146779300FDA476 /* Build configuration list for PBXProject "naitive-ios" */ = {
			isa = XCConfigurationList;
			buildConfigurations = (
				0FFC92682146779500FDA476 /* Debug */,
				0FFC92692146779500FDA476 /* Release */,
			);
			defaultConfigurationIsVisible = 0;
			defaultConfigurationName = Release;
		};
		0FFC926A2146779500FDA476 /* Build configuration list for PBXNativeTarget "naitive-ios" */ = {
			isa = XCConfigurationList;
			buildConfigurations = (
				0FFC926B2146779500FDA476 /* Debug */,
				0FFC926C2146779500FDA476 /* Release */,
			);
			defaultConfigurationIsVisible = 0;
			defaultConfigurationName = Release;
		};
/* End XCConfigurationList section */
	};
	rootObject = 0FFC923A2146779300FDA476 /* Project object */;
}
